
Microsoft Visual Studio Solution File, Format Version 12.00
# Visual Studio Version 17
VisualStudioVersion = 17.2.32516.85
MinimumVisualStudioVersion = 10.0.40219.1
Project("{FAE04EC0-301F-11D3-BF4B-00C04F79EFBC}") = "RCL.CertificateBot.Core", "RCL.CertificateBot.Core\RCL.CertificateBot.Core.csproj", "{D365F08B-3DFA-4266-91C8-6208F7624446}"
EndProject
Project("{FAE04EC0-301F-11D3-BF4B-00C04F79EFBC}") = "RCL.CertificateBot.Core.Test", "RCL.CertificateBot.Core.Test\RCL.CertificateBot.Core.Test.csproj", "{FC556325-E7EE-4209-8ECB-9C6091FE0833}"
EndProject
Project("{FAE04EC0-301F-11D3-BF4B-00C04F79EFBC}") = "RCL.CertificateBot.Linux", "RCL.CertificateBot.Linux\RCL.CertificateBot.Linux.csproj", "{C941C64A-8741-4EBD-9465-E8CCCBF369FF}"
EndProject
Global
	GlobalSection(SolutionConfigurationPlatforms) = preSolution
		Debug|Any CPU = Debug|Any CPU
		Release|Any CPU = Release|Any CPU
	EndGlobalSection
	GlobalSection(ProjectConfigurationPlatforms) = postSolution
		{D365F08B-3DFA-4266-91C8-6208F7624446}.Debug|Any CPU.ActiveCfg = Debug|Any CPU
		{D365F08B-3DFA-4266-91C8-6208F7624446}.Debug|Any CPU.Build.0 = Debug|Any CPU
		{D365F08B-3DFA-4266-91C8-6208F7624446}.Release|Any CPU.ActiveCfg = Release|Any CPU
		{D365F08B-3DFA-4266-91C8-6208F7624446}.Release|Any CPU.Build.0 = Release|Any CPU
		{FC556325-E7EE-4209-8ECB-9C6091FE0833}.Debug|Any CPU.ActiveCfg = Debug|Any CPU
		{FC556325-E7EE-4209-8ECB-9C6091FE0833}.Debug|Any CPU.Build.0 = Debug|Any CPU
		{FC556325-E7EE-4209-8ECB-9C6091FE0833}.Release|Any CPU.ActiveCfg = Release|Any CPU
		{FC556325-E7EE-4209-8ECB-9C6091FE0833}.Release|Any CPU.Build.0 = Release|Any CPU
		{C941C64A-8741-4EBD-9465-E8CCCBF369FF}.Debug|Any CPU.ActiveCfg = Debug|Any CPU
		{C941C64A-8741-4EBD-9465-E8CCCBF369FF}.Debug|Any CPU.Build.0 = Debug|Any CPU
		{C941C64A-8741-4EBD-9465-E8CCCBF369FF}.Release|Any CPU.ActiveCfg = Release|Any CPU
		{C941C64A-8741-4EBD-9465-E8CCCBF369FF}.Release|Any CPU.Build.0 = Release|Any CPU
	EndGlobalSection
	GlobalSection(SolutionProperties) = preSolution
		HideSolutionNode = FALSE
	EndGlobalSection
	GlobalSection(ExtensibilityGlobals) = postSolution
		SolutionGuid = {D85AB25F-3615-40AF-A892-CFE6DEF73CAD}
	EndGlobalSection
EndGlobal
